
Microsoft Visual Studio Solution File, Format Version 12.00
# Visual Studio 2012
Project("{FAE04EC0-301F-11D3-BF4B-00C04F79EFBC}") = "PyzeiOSSample", "PyzeiOSSample\PyzeiOSSample.csproj", "{6714988A-2CE3-42E1-9785-B7E4D6342881}"
EndProject
Global
	GlobalSection(SolutionConfigurationPlatforms) = preSolution
		Debug|iPhoneSimulator = Debug|iPhoneSimulator
		Release|iPhone = Release|iPhone
		Release|iPhoneSimulator = Release|iPhoneSimulator
		Debug|iPhone = Debug|iPhone
	EndGlobalSection
	GlobalSection(ProjectConfigurationPlatforms) = postSolution
		{6714988A-2CE3-42E1-9785-B7E4D6342881}.Debug|iPhoneSimulator.ActiveCfg = Debug|iPhoneSimulator
		{6714988A-2CE3-42E1-9785-B7E4D6342881}.Debug|iPhoneSimulator.Build.0 = Debug|iPhoneSimulator
		{6714988A-2CE3-42E1-9785-B7E4D6342881}.Release|iPhone.ActiveCfg = Release|iPhone
		{6714988A-2CE3-42E1-9785-B7E4D6342881}.Release|iPhone.Build.0 = Release|iPhone
		{6714988A-2CE3-42E1-9785-B7E4D6342881}.Release|iPhoneSimulator.ActiveCfg = Release|iPhoneSimulator
		{6714988A-2CE3-42E1-9785-B7E4D6342881}.Release|iPhoneSimulator.Build.0 = Release|iPhoneSimulator
		{6714988A-2CE3-42E1-9785-B7E4D6342881}.Debug|iPhone.ActiveCfg = Debug|iPhone
		{6714988A-2CE3-42E1-9785-B7E4D6342881}.Debug|iPhone.Build.0 = Debug|iPhone
	EndGlobalSection
EndGlobal
